
Microsoft Visual Studio Solution File, Format Version 12.00
# Visual Studio Version 17
VisualStudioVersion = 17.8.34408.163
MinimumVisualStudioVersion = 10.0.40219.1
Project("{9A19103F-16F7-4668-BE54-9A1E7A4F7556}") = "SRT2Speech.AppWindow", "SRT2Speech.AppWindow\SRT2Speech.AppWindow.csproj", "{15682C08-70A4-436E-9889-32824D185AA5}"
EndProject
Project("{9A19103F-16F7-4668-BE54-9A1E7A4F7556}") = "SRT2Speech.Core", "SRT2Speech.Core\SRT2Speech.Core.csproj", "{2F917EE9-4565-45B4-BD34-94A1BACC958B}"
EndProject
Project("{9A19103F-16F7-4668-BE54-9A1E7A4F7556}") = "SubtitlesParser", "..\SubtitlesParser\SubtitlesParser\SubtitlesParser.csproj", "{7A58C87F-7D53-4962-A656-F553C2EF0821}"
EndProject
Project("{9A19103F-16F7-4668-BE54-9A1E7A4F7556}") = "SRT2Speech.GenKey", "SRT2Speech.GenKey\SRT2Speech.GenKey.csproj", "{85DCF49A-AB2E-4711-9E36-7CB16DD6DC2F}"
EndProject
Project("{9A19103F-16F7-4668-BE54-9A1E7A4F7556}") = "SRT2Speech.WebAPI", "SRT2Speech.WebAPI\SRT2Speech.WebAPI.csproj", "{68C64C2C-732F-47A9-9AB7-8105AC4BE6D7}"
EndProject
Project("{FAE04EC0-301F-11D3-BF4B-00C04F79EFBC}") = "SRT2Speech.LicenseManager", "SRT2Speech.LicenseManager\SRT2Speech.LicenseManager.csproj", "{1B9FB5B8-C998-4A03-A91F-D2ECC79DC8B8}"
EndProject
Global
	GlobalSection(SolutionConfigurationPlatforms) = preSolution
		Debug|Any CPU = Debug|Any CPU
		Debug|ARM = Debug|ARM
		Debug|ARM64 = Debug|ARM64
		Debug|x64 = Debug|x64
		Debug|x86 = Debug|x86
		Release|Any CPU = Release|Any CPU
		Release|ARM = Release|ARM
		Release|ARM64 = Release|ARM64
		Release|x64 = Release|x64
		Release|x86 = Release|x86
	EndGlobalSection
	GlobalSection(ProjectConfigurationPlatforms) = postSolution
		{15682C08-70A4-436E-9889-32824D185AA5}.Debug|Any CPU.ActiveCfg = Debug|Any CPU
		{15682C08-70A4-436E-9889-32824D185AA5}.Debug|Any CPU.Build.0 = Debug|Any CPU
		{15682C08-70A4-436E-9889-32824D185AA5}.Debug|ARM.ActiveCfg = Debug|Any CPU
		{15682C08-70A4-436E-9889-32824D185AA5}.Debug|ARM.Build.0 = Debug|Any CPU
		{15682C08-70A4-436E-9889-32824D185AA5}.Debug|ARM64.ActiveCfg = Debug|Any CPU
		{15682C08-70A4-436E-9889-32824D185AA5}.Debug|ARM64.Build.0 = Debug|Any CPU
		{15682C08-70A4-436E-9889-32824D185AA5}.Debug|x64.ActiveCfg = Debug|Any CPU
		{15682C08-70A4-436E-9889-32824D185AA5}.Debug|x64.Build.0 = Debug|Any CPU
		{15682C08-70A4-436E-9889-32824D185AA5}.Debug|x86.ActiveCfg = Debug|Any CPU
		{15682C08-70A4-436E-9889-32824D185AA5}.Debug|x86.Build.0 = Debug|Any CPU
		{15682C08-70A4-436E-9889-32824D185AA5}.Release|Any CPU.ActiveCfg = Release|Any CPU
		{15682C08-70A4-436E-9889-32824D185AA5}.Release|Any CPU.Build.0 = Release|Any CPU
		{15682C08-70A4-436E-9889-32824D185AA5}.Release|ARM.ActiveCfg = Release|Any CPU
		{15682C08-70A4-436E-9889-32824D185AA5}.Release|ARM.Build.0 = Release|Any CPU
		{15682C08-70A4-436E-9889-32824D185AA5}.Release|ARM64.ActiveCfg = Release|Any CPU
		{15682C08-70A4-436E-9889-32824D185AA5}.Release|ARM64.Build.0 = Release|Any CPU
		{15682C08-70A4-436E-9889-32824D185AA5}.Release|x64.ActiveCfg = Release|Any CPU
		{15682C08-70A4-436E-9889-32824D185AA5}.Release|x64.Build.0 = Release|Any CPU
		{15682C08-70A4-436E-9889-32824D185AA5}.Release|x86.ActiveCfg = Release|Any CPU
		{15682C08-70A4-436E-9889-32824D185AA5}.Release|x86.Build.0 = Release|Any CPU
		{2F917EE9-4565-45B4-BD34-94A1BACC958B}.Debug|Any CPU.ActiveCfg = Debug|Any CPU
		{2F917EE9-4565-45B4-BD34-94A1BACC958B}.Debug|Any CPU.Build.0 = Debug|Any CPU
		{2F917EE9-4565-45B4-BD34-94A1BACC958B}.Debug|ARM.ActiveCfg = Debug|Any CPU
		{2F917EE9-4565-45B4-BD34-94A1BACC958B}.Debug|ARM.Build.0 = Debug|Any CPU
		{2F917EE9-4565-45B4-BD34-94A1BACC958B}.Debug|ARM64.ActiveCfg = Debug|Any CPU
		{2F917EE9-4565-45B4-BD34-94A1BACC958B}.Debug|ARM64.Build.0 = Debug|Any CPU
		{2F917EE9-4565-45B4-BD34-94A1BACC958B}.Debug|x64.ActiveCfg = Debug|Any CPU
		{2F917EE9-4565-45B4-BD34-94A1BACC958B}.Debug|x64.Build.0 = Debug|Any CPU
		{2F917EE9-4565-45B4-BD34-94A1BACC958B}.Debug|x86.ActiveCfg = Debug|Any CPU
		{2F917EE9-4565-45B4-BD34-94A1BACC958B}.Debug|x86.Build.0 = Debug|Any CPU
		{2F917EE9-4565-45B4-BD34-94A1BACC958B}.Release|Any CPU.ActiveCfg = Release|Any CPU
		{2F917EE9-4565-45B4-BD34-94A1BACC958B}.Release|Any CPU.Build.0 = Release|Any CPU
		{2F917EE9-4565-45B4-BD34-94A1BACC958B}.Release|ARM.ActiveCfg = Release|Any CPU
		{2F917EE9-4565-45B4-BD34-94A1BACC958B}.Release|ARM.Build.0 = Release|Any CPU
		{2F917EE9-4565-45B4-BD34-94A1BACC958B}.Release|ARM64.ActiveCfg = Release|Any CPU
		{2F917EE9-4565-45B4-BD34-94A1BACC958B}.Release|ARM64.Build.0 = Release|Any CPU
		{2F917EE9-4565-45B4-BD34-94A1BACC958B}.Release|x64.ActiveCfg = Release|Any CPU
		{2F917EE9-4565-45B4-BD34-94A1BACC958B}.Release|x64.Build.0 = Release|Any CPU
		{2F917EE9-4565-45B4-BD34-94A1BACC958B}.Release|x86.ActiveCfg = Release|Any CPU
		{2F917EE9-4565-45B4-BD34-94A1BACC958B}.Release|x86.Build.0 = Release|Any CPU
		{7A58C87F-7D53-4962-A656-F553C2EF0821}.Debug|Any CPU.ActiveCfg = Debug|Any CPU
		{7A58C87F-7D53-4962-A656-F553C2EF0821}.Debug|Any CPU.Build.0 = Debug|Any CPU
		{7A58C87F-7D53-4962-A656-F553C2EF0821}.Debug|ARM.ActiveCfg = Debug|Any CPU
		{7A58C87F-7D53-4962-A656-F553C2EF0821}.Debug|ARM.Build.0 = Debug|Any CPU
		{7A58C87F-7D53-4962-A656-F553C2EF0821}.Debug|ARM64.ActiveCfg = Debug|Any CPU
		{7A58C87F-7D53-4962-A656-F553C2EF0821}.Debug|ARM64.Build.0 = Debug|Any CPU
		{7A58C87F-7D53-4962-A656-F553C2EF0821}.Debug|x64.ActiveCfg = Debug|Any CPU
		{7A58C87F-7D53-4962-A656-F553C2EF0821}.Debug|x64.Build.0 = Debug|Any CPU
		{7A58C87F-7D53-4962-A656-F553C2EF0821}.Debug|x86.ActiveCfg = Debug|Any CPU
		{7A58C87F-7D53-4962-A656-F553C2EF0821}.Debug|x86.Build.0 = Debug|Any CPU
		{7A58C87F-7D53-4962-A656-F553C2EF0821}.Release|Any CPU.ActiveCfg = Release|Any CPU
		{7A58C87F-7D53-4962-A656-F553C2EF0821}.Release|Any CPU.Build.0 = Release|Any CPU
		{7A58C87F-7D53-4962-A656-F553C2EF0821}.Release|ARM.ActiveCfg = Release|Any CPU
		{7A58C87F-7D53-4962-A656-F553C2EF0821}.Release|ARM.Build.0 = Release|Any CPU
		{7A58C87F-7D53-4962-A656-F553C2EF0821}.Release|ARM64.ActiveCfg = Release|Any CPU
		{7A58C87F-7D53-4962-A656-F553C2EF0821}.Release|ARM64.Build.0 = Release|Any CPU
		{7A58C87F-7D53-4962-A656-F553C2EF0821}.Release|x64.ActiveCfg = Release|Any CPU
		{7A58C87F-7D53-4962-A656-F553C2EF0821}.Release|x64.Build.0 = Release|Any CPU
		{7A58C87F-7D53-4962-A656-F553C2EF0821}.Release|x86.ActiveCfg = Release|Any CPU
		{7A58C87F-7D53-4962-A656-F553C2EF0821}.Release|x86.Build.0 = Release|Any CPU
		{85DCF49A-AB2E-4711-9E36-7CB16DD6DC2F}.Debug|Any CPU.ActiveCfg = Debug|Any CPU
		{85DCF49A-AB2E-4711-9E36-7CB16DD6DC2F}.Debug|Any CPU.Build.0 = Debug|Any CPU
		{85DCF49A-AB2E-4711-9E36-7CB16DD6DC2F}.Debug|ARM.ActiveCfg = Debug|Any CPU
		{85DCF49A-AB2E-4711-9E36-7CB16DD6DC2F}.Debug|ARM.Build.0 = Debug|Any CPU
		{85DCF49A-AB2E-4711-9E36-7CB16DD6DC2F}.Debug|ARM64.ActiveCfg = Debug|Any CPU
		{85DCF49A-AB2E-4711-9E36-7CB16DD6DC2F}.Debug|ARM64.Build.0 = Debug|Any CPU
		{85DCF49A-AB2E-4711-9E36-7CB16DD6DC2F}.Debug|x64.ActiveCfg = Debug|Any CPU
		{85DCF49A-AB2E-4711-9E36-7CB16DD6DC2F}.Debug|x64.Build.0 = Debug|Any CPU
		{85DCF49A-AB2E-4711-9E36-7CB16DD6DC2F}.Debug|x86.ActiveCfg = Debug|Any CPU
		{85DCF49A-AB2E-4711-9E36-7CB16DD6DC2F}.Debug|x86.Build.0 = Debug|Any CPU
		{85DCF49A-AB2E-4711-9E36-7CB16DD6DC2F}.Release|Any CPU.ActiveCfg = Release|Any CPU
		{85DCF49A-AB2E-4711-9E36-7CB16DD6DC2F}.Release|Any CPU.Build.0 = Release|Any CPU
		{85DCF49A-AB2E-4711-9E36-7CB16DD6DC2F}.Release|ARM.ActiveCfg = Release|Any CPU
		{85DCF49A-AB2E-4711-9E36-7CB16DD6DC2F}.Release|ARM.Build.0 = Release|Any CPU
		{85DCF49A-AB2E-4711-9E36-7CB16DD6DC2F}.Release|ARM64.ActiveCfg = Release|Any CPU
		{85DCF49A-AB2E-4711-9E36-7CB16DD6DC2F}.Release|ARM64.Build.0 = Release|Any CPU
		{85DCF49A-AB2E-4711-9E36-7CB16DD6DC2F}.Release|x64.ActiveCfg = Release|Any CPU
		{85DCF49A-AB2E-4711-9E36-7CB16DD6DC2F}.Release|x64.Build.0 = Release|Any CPU
		{85DCF49A-AB2E-4711-9E36-7CB16DD6DC2F}.Release|x86.ActiveCfg = Release|Any CPU
		{85DCF49A-AB2E-4711-9E36-7CB16DD6DC2F}.Release|x86.Build.0 = Release|Any CPU
		{68C64C2C-732F-47A9-9AB7-8105AC4BE6D7}.Debug|Any CPU.ActiveCfg = Debug|Any CPU
		{68C64C2C-732F-47A9-9AB7-8105AC4BE6D7}.Debug|Any CPU.Build.0 = Debug|Any CPU
		{68C64C2C-732F-47A9-9AB7-8105AC4BE6D7}.Debug|ARM.ActiveCfg = Debug|Any CPU
		{68C64C2C-732F-47A9-9AB7-8105AC4BE6D7}.Debug|ARM.Build.0 = Debug|Any CPU
		{68C64C2C-732F-47A9-9AB7-8105AC4BE6D7}.Debug|ARM64.ActiveCfg = Debug|Any CPU
		{68C64C2C-732F-47A9-9AB7-8105AC4BE6D7}.Debug|ARM64.Build.0 = Debug|Any CPU
		{68C64C2C-732F-47A9-9AB7-8105AC4BE6D7}.Debug|x64.ActiveCfg = Debug|Any CPU
		{68C64C2C-732F-47A9-9AB7-8105AC4BE6D7}.Debug|x64.Build.0 = Debug|Any CPU
		{68C64C2C-732F-47A9-9AB7-8105AC4BE6D7}.Debug|x86.ActiveCfg = Debug|Any CPU
		{68C64C2C-732F-47A9-9AB7-8105AC4BE6D7}.Debug|x86.Build.0 = Debug|Any CPU
		{68C64C2C-732F-47A9-9AB7-8105AC4BE6D7}.Release|Any CPU.ActiveCfg = Release|Any CPU
		{68C64C2C-732F-47A9-9AB7-8105AC4BE6D7}.Release|Any CPU.Build.0 = Release|Any CPU
		{68C64C2C-732F-47A9-9AB7-8105AC4BE6D7}.Release|ARM.ActiveCfg = Release|Any CPU
		{68C64C2C-732F-47A9-9AB7-8105AC4BE6D7}.Release|ARM.Build.0 = Release|Any CPU
		{68C64C2C-732F-47A9-9AB7-8105AC4BE6D7}.Release|ARM64.ActiveCfg = Release|Any CPU
		{68C64C2C-732F-47A9-9AB7-8105AC4BE6D7}.Release|ARM64.Build.0 = Release|Any CPU
		{68C64C2C-732F-47A9-9AB7-8105AC4BE6D7}.Release|x64.ActiveCfg = Release|Any CPU
		{68C64C2C-732F-47A9-9AB7-8105AC4BE6D7}.Release|x64.Build.0 = Release|Any CPU
		{68C64C2C-732F-47A9-9AB7-8105AC4BE6D7}.Release|x86.ActiveCfg = Release|Any CPU
		{68C64C2C-732F-47A9-9AB7-8105AC4BE6D7}.Release|x86.Build.0 = Release|Any CPU
		{1B9FB5B8-C998-4A03-A91F-D2ECC79DC8B8}.Debug|Any CPU.ActiveCfg = Debug|Any CPU
		{1B9FB5B8-C998-4A03-A91F-D2ECC79DC8B8}.Debug|Any CPU.Build.0 = Debug|Any CPU
		{1B9FB5B8-C998-4A03-A91F-D2ECC79DC8B8}.Debug|ARM.ActiveCfg = Debug|Any CPU
		{1B9FB5B8-C998-4A03-A91F-D2ECC79DC8B8}.Debug|ARM.Build.0 = Debug|Any CPU
		{1B9FB5B8-C998-4A03-A91F-D2ECC79DC8B8}.Debug|ARM64.ActiveCfg = Debug|Any CPU
		{1B9FB5B8-C998-4A03-A91F-D2ECC79DC8B8}.Debug|ARM64.Build.0 = Debug|Any CPU
		{1B9FB5B8-C998-4A03-A91F-D2ECC79DC8B8}.Debug|x64.ActiveCfg = Debug|Any CPU
		{1B9FB5B8-C998-4A03-A91F-D2ECC79DC8B8}.Debug|x64.Build.0 = Debug|Any CPU
		{1B9FB5B8-C998-4A03-A91F-D2ECC79DC8B8}.Debug|x86.ActiveCfg = Debug|Any CPU
		{1B9FB5B8-C998-4A03-A91F-D2ECC79DC8B8}.Debug|x86.Build.0 = Debug|Any CPU
		{1B9FB5B8-C998-4A03-A91F-D2ECC79DC8B8}.Release|Any CPU.ActiveCfg = Release|Any CPU
		{1B9FB5B8-C998-4A03-A91F-D2ECC79DC8B8}.Release|Any CPU.Build.0 = Release|Any CPU
		{1B9FB5B8-C998-4A03-A91F-D2ECC79DC8B8}.Release|ARM.ActiveCfg = Release|Any CPU
		{1B9FB5B8-C998-4A03-A91F-D2ECC79DC8B8}.Release|ARM.Build.0 = Release|Any CPU
		{1B9FB5B8-C998-4A03-A91F-D2ECC79DC8B8}.Release|ARM64.ActiveCfg = Release|Any CPU
		{1B9FB5B8-C998-4A03-A91F-D2ECC79DC8B8}.Release|ARM64.Build.0 = Release|Any CPU
		{1B9FB5B8-C998-4A03-A91F-D2ECC79DC8B8}.Release|x64.ActiveCfg = Release|Any CPU
		{1B9FB5B8-C998-4A03-A91F-D2ECC79DC8B8}.Release|x64.Build.0 = Release|Any CPU
		{1B9FB5B8-C998-4A03-A91F-D2ECC79DC8B8}.Release|x86.ActiveCfg = Release|Any CPU
		{1B9FB5B8-C998-4A03-A91F-D2ECC79DC8B8}.Release|x86.Build.0 = Release|Any CPU
	EndGlobalSection
	GlobalSection(SolutionProperties) = preSolution
		HideSolutionNode = FALSE
	EndGlobalSection
	GlobalSection(ExtensibilityGlobals) = postSolution
		SolutionGuid = {6CEC601A-1332-49F5-9EB1-6368E0698847}
	EndGlobalSection
EndGlobal
